
Microsoft Visual Studio Solution File, Format Version 12.00
# Visual Studio Version 17
VisualStudioVersion = 17.8.34408.163
MinimumVisualStudioVersion = 10.0.40219.1
Project("{FAE04EC0-301F-11D3-BF4B-00C04F79EFBC}") = "20.06.2024", "20.06.2024\20.06.2024.csproj", "{D39B3834-44C0-49D9-A0FD-A61BD97411FF}"
EndProject
Global
	GlobalSection(SolutionConfigurationPlatforms) = preSolution
		Debug|Any CPU = Debug|Any CPU
		Release|Any CPU = Release|Any CPU
	EndGlobalSection
	GlobalSection(ProjectConfigurationPlatforms) = postSolution
		{D39B3834-44C0-49D9-A0FD-A61BD97411FF}.Debug|Any CPU.ActiveCfg = Debug|Any CPU
		{D39B3834-44C0-49D9-A0FD-A61BD97411FF}.Debug|Any CPU.Build.0 = Debug|Any CPU
		{D39B3834-44C0-49D9-A0FD-A61BD97411FF}.Release|Any CPU.ActiveCfg = Release|Any CPU
		{D39B3834-44C0-49D9-A0FD-A61BD97411FF}.Release|Any CPU.Build.0 = Release|Any CPU
	EndGlobalSection
	GlobalSection(SolutionProperties) = preSolution
		HideSolutionNode = FALSE
	EndGlobalSection
	GlobalSection(ExtensibilityGlobals) = postSolution
		SolutionGuid = {478FE6A5-5316-4B80-88B3-A052C354C40E}
	EndGlobalSection
EndGlobal
